
Microsoft Visual Studio Solution File, Format Version 12.00
# Visual Studio Version 17
VisualStudioVersion = 17.4.33205.214
MinimumVisualStudioVersion = 10.0.40219.1
Project("{FAE04EC0-301F-11D3-BF4B-00C04F79EFBC}") = "Exercice_Estrutura_For", "Exercice_Estrutura_For.csproj", "{184F0168-0E73-401B-96C6-C0EEA21E729B}"
EndProject
Global
	GlobalSection(SolutionConfigurationPlatforms) = preSolution
		Debug|Any CPU = Debug|Any CPU
		Release|Any CPU = Release|Any CPU
	EndGlobalSection
	GlobalSection(ProjectConfigurationPlatforms) = postSolution
		{184F0168-0E73-401B-96C6-C0EEA21E729B}.Debug|Any CPU.ActiveCfg = Debug|Any CPU
		{184F0168-0E73-401B-96C6-C0EEA21E729B}.Debug|Any CPU.Build.0 = Debug|Any CPU
		{184F0168-0E73-401B-96C6-C0EEA21E729B}.Release|Any CPU.ActiveCfg = Release|Any CPU
		{184F0168-0E73-401B-96C6-C0EEA21E729B}.Release|Any CPU.Build.0 = Release|Any CPU
	EndGlobalSection
	GlobalSection(SolutionProperties) = preSolution
		HideSolutionNode = FALSE
	EndGlobalSection
	GlobalSection(ExtensibilityGlobals) = postSolution
		SolutionGuid = {20841E29-4F98-4FBF-8569-0A252CBC90F1}
	EndGlobalSection
EndGlobal
