
Microsoft Visual Studio Solution File, Format Version 12.00
# Visual Studio Version 17
VisualStudioVersion = 17.4.33205.214
MinimumVisualStudioVersion = 10.0.40219.1
Project("{FAE04EC0-301F-11D3-BF4B-00C04F79EFBC}") = "Exercice_Password", "Exercice_Password.csproj", "{D3A619E6-4512-4AF5-890D-9D2DA5E250DD}"
EndProject
Global
	GlobalSection(SolutionConfigurationPlatforms) = preSolution
		Debug|Any CPU = Debug|Any CPU
		Release|Any CPU = Release|Any CPU
	EndGlobalSection
	GlobalSection(ProjectConfigurationPlatforms) = postSolution
		{D3A619E6-4512-4AF5-890D-9D2DA5E250DD}.Debug|Any CPU.ActiveCfg = Debug|Any CPU
		{D3A619E6-4512-4AF5-890D-9D2DA5E250DD}.Debug|Any CPU.Build.0 = Debug|Any CPU
		{D3A619E6-4512-4AF5-890D-9D2DA5E250DD}.Release|Any CPU.ActiveCfg = Release|Any CPU
		{D3A619E6-4512-4AF5-890D-9D2DA5E250DD}.Release|Any CPU.Build.0 = Release|Any CPU
	EndGlobalSection
	GlobalSection(SolutionProperties) = preSolution
		HideSolutionNode = FALSE
	EndGlobalSection
	GlobalSection(ExtensibilityGlobals) = postSolution
		SolutionGuid = {E13033A4-5063-458B-9CB1-4276CD64E9DE}
	EndGlobalSection
EndGlobal
