
Microsoft Visual Studio Solution File, Format Version 12.00
# Visual Studio Version 17
VisualStudioVersion = 17.4.33205.214
MinimumVisualStudioVersion = 10.0.40219.1
Project("{FAE04EC0-301F-11D3-BF4B-00C04F79EFBC}") = "Estrutura_While", "Estrutura_While.csproj", "{07AED5F1-AADE-484A-ABFA-006370BE5EBC}"
EndProject
Global
	GlobalSection(SolutionConfigurationPlatforms) = preSolution
		Debug|Any CPU = Debug|Any CPU
		Release|Any CPU = Release|Any CPU
	EndGlobalSection
	GlobalSection(ProjectConfigurationPlatforms) = postSolution
		{07AED5F1-AADE-484A-ABFA-006370BE5EBC}.Debug|Any CPU.ActiveCfg = Debug|Any CPU
		{07AED5F1-AADE-484A-ABFA-006370BE5EBC}.Debug|Any CPU.Build.0 = Debug|Any CPU
		{07AED5F1-AADE-484A-ABFA-006370BE5EBC}.Release|Any CPU.ActiveCfg = Release|Any CPU
		{07AED5F1-AADE-484A-ABFA-006370BE5EBC}.Release|Any CPU.Build.0 = Release|Any CPU
	EndGlobalSection
	GlobalSection(SolutionProperties) = preSolution
		HideSolutionNode = FALSE
	EndGlobalSection
	GlobalSection(ExtensibilityGlobals) = postSolution
		SolutionGuid = {828DAF47-7071-49B6-BFDC-40A3F8663D8B}
	EndGlobalSection
EndGlobal
