
Microsoft Visual Studio Solution File, Format Version 12.00
# Visual Studio Version 17
VisualStudioVersion = 17.3.32825.248
MinimumVisualStudioVersion = 10.0.40219.1
Project("{FAE04EC0-301F-11D3-BF4B-00C04F79EFBC}") = "Saida_De_Dados", "Saida_De_Dados.csproj", "{9452DB29-0A3F-4995-B3FE-D05440B9EBAF}"
EndProject
Global
	GlobalSection(SolutionConfigurationPlatforms) = preSolution
		Debug|Any CPU = Debug|Any CPU
		Release|Any CPU = Release|Any CPU
	EndGlobalSection
	GlobalSection(ProjectConfigurationPlatforms) = postSolution
		{9452DB29-0A3F-4995-B3FE-D05440B9EBAF}.Debug|Any CPU.ActiveCfg = Debug|Any CPU
		{9452DB29-0A3F-4995-B3FE-D05440B9EBAF}.Debug|Any CPU.Build.0 = Debug|Any CPU
		{9452DB29-0A3F-4995-B3FE-D05440B9EBAF}.Release|Any CPU.ActiveCfg = Release|Any CPU
		{9452DB29-0A3F-4995-B3FE-D05440B9EBAF}.Release|Any CPU.Build.0 = Release|Any CPU
	EndGlobalSection
	GlobalSection(SolutionProperties) = preSolution
		HideSolutionNode = FALSE
	EndGlobalSection
	GlobalSection(ExtensibilityGlobals) = postSolution
		SolutionGuid = {6D33AE7F-4879-4C23-8CF9-CECD480B9D7D}
	EndGlobalSection
EndGlobal
